
Microsoft Visual Studio Solution File, Format Version 12.00
# Visual Studio Version 16
VisualStudioVersion = 16.0.34301.259
MinimumVisualStudioVersion = 10.0.40219.1
Project("{FAE04EC0-301F-11D3-BF4B-00C04F79EFBC}") = "самое длинное слово в строке", "самое длинное слово в строке\самое длинное слово в строке.csproj", "{2529EB6F-BDB1-48D3-8E7E-1AD0DDB42E7E}"
EndProject
Project("{FAE04EC0-301F-11D3-BF4B-00C04F79EFBC}") = "палиндром", "палиндром\палиндром.csproj", "{ACE02161-4FD9-4111-94EE-D5A0AB53D1A8}"
EndProject
Project("{FAE04EC0-301F-11D3-BF4B-00C04F79EFBC}") = "удалить текст в скобках", "удалить текст в скобках\удалить текст в скобках.csproj", "{41ED5F05-054E-4A6C-A9AA-8D53A37FB38A}"
EndProject
Project("{FAE04EC0-301F-11D3-BF4B-00C04F79EFBC}") = "delete text from {}", "delete text from {}\delete text from {}.csproj", "{4D676E0D-7612-4641-9CA1-6951ABFDCE55}"
EndProject
Global
	GlobalSection(SolutionConfigurationPlatforms) = preSolution
		Debug|Any CPU = Debug|Any CPU
		Release|Any CPU = Release|Any CPU
	EndGlobalSection
	GlobalSection(ProjectConfigurationPlatforms) = postSolution
		{2529EB6F-BDB1-48D3-8E7E-1AD0DDB42E7E}.Debug|Any CPU.ActiveCfg = Debug|Any CPU
		{2529EB6F-BDB1-48D3-8E7E-1AD0DDB42E7E}.Debug|Any CPU.Build.0 = Debug|Any CPU
		{2529EB6F-BDB1-48D3-8E7E-1AD0DDB42E7E}.Release|Any CPU.ActiveCfg = Release|Any CPU
		{2529EB6F-BDB1-48D3-8E7E-1AD0DDB42E7E}.Release|Any CPU.Build.0 = Release|Any CPU
		{ACE02161-4FD9-4111-94EE-D5A0AB53D1A8}.Debug|Any CPU.ActiveCfg = Debug|Any CPU
		{ACE02161-4FD9-4111-94EE-D5A0AB53D1A8}.Debug|Any CPU.Build.0 = Debug|Any CPU
		{ACE02161-4FD9-4111-94EE-D5A0AB53D1A8}.Release|Any CPU.ActiveCfg = Release|Any CPU
		{ACE02161-4FD9-4111-94EE-D5A0AB53D1A8}.Release|Any CPU.Build.0 = Release|Any CPU
		{41ED5F05-054E-4A6C-A9AA-8D53A37FB38A}.Debug|Any CPU.ActiveCfg = Debug|Any CPU
		{41ED5F05-054E-4A6C-A9AA-8D53A37FB38A}.Debug|Any CPU.Build.0 = Debug|Any CPU
		{41ED5F05-054E-4A6C-A9AA-8D53A37FB38A}.Release|Any CPU.ActiveCfg = Release|Any CPU
		{41ED5F05-054E-4A6C-A9AA-8D53A37FB38A}.Release|Any CPU.Build.0 = Release|Any CPU
		{4D676E0D-7612-4641-9CA1-6951ABFDCE55}.Debug|Any CPU.ActiveCfg = Debug|Any CPU
		{4D676E0D-7612-4641-9CA1-6951ABFDCE55}.Debug|Any CPU.Build.0 = Debug|Any CPU
		{4D676E0D-7612-4641-9CA1-6951ABFDCE55}.Release|Any CPU.ActiveCfg = Release|Any CPU
		{4D676E0D-7612-4641-9CA1-6951ABFDCE55}.Release|Any CPU.Build.0 = Release|Any CPU
	EndGlobalSection
	GlobalSection(SolutionProperties) = preSolution
		HideSolutionNode = FALSE
	EndGlobalSection
	GlobalSection(ExtensibilityGlobals) = postSolution
		SolutionGuid = {3152570F-A659-4517-8C06-94E0E568B6D1}
	EndGlobalSection
EndGlobal
